
Microsoft Visual Studio Solution File, Format Version 12.00
# Visual Studio Version 17
VisualStudioVersion = 17.11.35327.3
MinimumVisualStudioVersion = 10.0.40219.1
Project("{FAE04EC0-301F-11D3-BF4B-00C04F79EFBC}") = "UniqueWordAccount", "UniqueWordAccount\UniqueWordAccount.csproj", "{29F34E8E-28A5-4A2F-8DA0-A92BE3D81874}"
EndProject
Global
	GlobalSection(SolutionConfigurationPlatforms) = preSolution
		Debug|Any CPU = Debug|Any CPU
		Release|Any CPU = Release|Any CPU
	EndGlobalSection
	GlobalSection(ProjectConfigurationPlatforms) = postSolution
		{29F34E8E-28A5-4A2F-8DA0-A92BE3D81874}.Debug|Any CPU.ActiveCfg = Debug|Any CPU
		{29F34E8E-28A5-4A2F-8DA0-A92BE3D81874}.Debug|Any CPU.Build.0 = Debug|Any CPU
		{29F34E8E-28A5-4A2F-8DA0-A92BE3D81874}.Release|Any CPU.ActiveCfg = Release|Any CPU
		{29F34E8E-28A5-4A2F-8DA0-A92BE3D81874}.Release|Any CPU.Build.0 = Release|Any CPU
	EndGlobalSection
	GlobalSection(SolutionProperties) = preSolution
		HideSolutionNode = FALSE
	EndGlobalSection
	GlobalSection(ExtensibilityGlobals) = postSolution
		SolutionGuid = {86364C8F-B463-4B22-BD93-521A5155C180}
	EndGlobalSection
EndGlobal
