
Microsoft Visual Studio Solution File, Format Version 12.00
# Visual Studio Version 17
VisualStudioVersion = 17.11.35327.3
MinimumVisualStudioVersion = 10.0.40219.1
Project("{FAE04EC0-301F-11D3-BF4B-00C04F79EFBC}") = "UniqueWordCount", "UniqueWordCount\UniqueWordCount.csproj", "{6762E57D-0F7E-401E-A596-E1047C239CA4}"
EndProject
Global
	GlobalSection(SolutionConfigurationPlatforms) = preSolution
		Debug|Any CPU = Debug|Any CPU
		Release|Any CPU = Release|Any CPU
	EndGlobalSection
	GlobalSection(ProjectConfigurationPlatforms) = postSolution
		{6762E57D-0F7E-401E-A596-E1047C239CA4}.Debug|Any CPU.ActiveCfg = Debug|Any CPU
		{6762E57D-0F7E-401E-A596-E1047C239CA4}.Debug|Any CPU.Build.0 = Debug|Any CPU
		{6762E57D-0F7E-401E-A596-E1047C239CA4}.Release|Any CPU.ActiveCfg = Release|Any CPU
		{6762E57D-0F7E-401E-A596-E1047C239CA4}.Release|Any CPU.Build.0 = Release|Any CPU
	EndGlobalSection
	GlobalSection(SolutionProperties) = preSolution
		HideSolutionNode = FALSE
	EndGlobalSection
	GlobalSection(ExtensibilityGlobals) = postSolution
		SolutionGuid = {E142540C-3805-4144-875E-2FF6C5C17184}
	EndGlobalSection
EndGlobal
